
Microsoft Visual Studio Solution File, Format Version 12.00
# Visual Studio Version 17
VisualStudioVersion = 17.1.32328.378
MinimumVisualStudioVersion = 10.0.40219.1
Project("{FAE04EC0-301F-11D3-BF4B-00C04F79EFBC}") = "MSTestShop", "MSTestShop\MSTestShop.csproj", "{F12ECC06-E5AD-4664-8D7F-FE553DD30F92}"
EndProject
Project("{FAE04EC0-301F-11D3-BF4B-00C04F79EFBC}") = "UnitTests", "UnitTests\UnitTests.csproj", "{45F70FAE-787A-402F-B4AF-C89D9DD361B1}"
EndProject
Global
	GlobalSection(SolutionConfigurationPlatforms) = preSolution
		Debug|Any CPU = Debug|Any CPU
		Release|Any CPU = Release|Any CPU
	EndGlobalSection
	GlobalSection(ProjectConfigurationPlatforms) = postSolution
		{F12ECC06-E5AD-4664-8D7F-FE553DD30F92}.Debug|Any CPU.ActiveCfg = Debug|Any CPU
		{F12ECC06-E5AD-4664-8D7F-FE553DD30F92}.Debug|Any CPU.Build.0 = Debug|Any CPU
		{F12ECC06-E5AD-4664-8D7F-FE553DD30F92}.Release|Any CPU.ActiveCfg = Release|Any CPU
		{F12ECC06-E5AD-4664-8D7F-FE553DD30F92}.Release|Any CPU.Build.0 = Release|Any CPU
		{45F70FAE-787A-402F-B4AF-C89D9DD361B1}.Debug|Any CPU.ActiveCfg = Debug|Any CPU
		{45F70FAE-787A-402F-B4AF-C89D9DD361B1}.Debug|Any CPU.Build.0 = Debug|Any CPU
		{45F70FAE-787A-402F-B4AF-C89D9DD361B1}.Release|Any CPU.ActiveCfg = Release|Any CPU
		{45F70FAE-787A-402F-B4AF-C89D9DD361B1}.Release|Any CPU.Build.0 = Release|Any CPU
	EndGlobalSection
	GlobalSection(SolutionProperties) = preSolution
		HideSolutionNode = FALSE
	EndGlobalSection
	GlobalSection(ExtensibilityGlobals) = postSolution
		SolutionGuid = {F3E287F1-2E2B-4413-A0B4-6F527F7620DE}
	EndGlobalSection
EndGlobal
